{
  "nodes": {
    "adios": {
      "locked": {
        "lastModified": 1784730556,
        "narHash": "sha256-epaRvGojXlZugb9eeuC9P2ZPBQQ861i0oFRC23GVmjs=",
        "owner": "llakala",
        "repo": "lladios",
        "rev": "1b1d403183aae43e7c08190fa58b1f45585c3a64",
        "type": "github"
      },
      "original": {
        "owner": "llakala",
        "repo": "lladios",
        "type": "github"
      }
    },
    "root": {
      "inputs": {
        "adios": "adios"
      }
    }
  },
  "root": "root",
  "version": 7
}
