{
  "nodes": {
    "adios": {
      "locked": {
        "lastModified": 1781031510,
        "narHash": "sha256-lzwi0SgSkkkMQsiSl3NlPyglSOLZgy54KrYJSZRx9NI=",
        "owner": "llakala",
        "repo": "lladios",
        "rev": "b4e6b9474083bb00fdd9b287471aebf869e51c32",
        "type": "github"
      },
      "original": {
        "owner": "llakala",
        "repo": "lladios",
        "type": "github"
      }
    },
    "root": {
      "inputs": {
        "adios": "adios"
      }
    }
  },
  "root": "root",
  "version": 7
}
