{
  "nodes": {
    "adios": {
      "locked": {
        "lastModified": 1780268595,
        "narHash": "sha256-NEci/9IYVJIxhfHG7v/5F1pAi6OaKRc2b3NFCm44DCM=",
        "owner": "llakala",
        "repo": "adios",
        "rev": "2c4e879d4996056cffd558c283d7ed8b43c862ce",
        "type": "github"
      },
      "original": {
        "owner": "llakala",
        "repo": "adios",
        "type": "github"
      }
    },
    "root": {
      "inputs": {
        "adios": "adios"
      }
    }
  },
  "root": "root",
  "version": 7
}
